
Microsoft Visual Studio Solution File, Format Version 12.00
# Visual Studio Version 18
VisualStudioVersion = 18.1.11312.151
MinimumVisualStudioVersion = 10.0.40219.1
Project("{FAE04EC0-301F-11D3-BF4B-00C04F79EFBC}") = "Logging", "src\logging\Logging.csproj", "{EA533355-50D7-F44D-B0A7-0C65634160F8}"
EndProject
Project("{FAE04EC0-301F-11D3-BF4B-00C04F79EFBC}") = "Interfaces", "src\interfaces\Interfaces.csproj", "{9B74199B-1518-94E5-70E3-BE4662B667BA}"
EndProject
Project("{FAE04EC0-301F-11D3-BF4B-00C04F79EFBC}") = "DdiRegistry", "src\ddi_registry\DdiRegistry.csproj", "{8C1F3B38-8FF5-43F1-B649-AA6F420336CE}"
EndProject
Project("{FAE04EC0-301F-11D3-BF4B-00C04F79EFBC}") = "Settings", "src\settings\Settings.csproj", "{8C933557-D263-9F46-5B5B-0558BB692AAD}"
EndProject
Project("{FAE04EC0-301F-11D3-BF4B-00C04F79EFBC}") = "Utility", "src\utility\Utility.csproj", "{1AB6DF73-54FD-8FFE-F419-210A743DC499}"
EndProject
Project("{FAE04EC0-301F-11D3-BF4B-00C04F79EFBC}") = "enum_definition", "src\enum_definitions\enum_definition.csproj", "{10CFCEC4-8B87-C08B-A024-E71D580D1E04}"
EndProject
Project("{FAE04EC0-301F-11D3-BF4B-00C04F79EFBC}") = "StaticDataStore", "src\static_data_store\StaticDataStore.csproj", "{EFDEFF7A-1405-A250-5F02-C30B5CA0FAF5}"
EndProject
Project("{FAE04EC0-301F-11D3-BF4B-00C04F79EFBC}") = "UdpInRawPacketRecordTypedOut", "src\udp_in_raw_packet_record_typed_out\UdpInRawPacketRecordTypedOut.csproj", "{DE505971-4448-099A-2FA5-6547AE58D53D}"
EndProject
Project("{FAE04EC0-301F-11D3-BF4B-00C04F79EFBC}") = "EventRelay", "src\basic_event_relay\EventRelay.csproj", "{63BB0649-C1D4-DA49-B069-F60FF288E8B4}"
EndProject
Project("{FAE04EC0-301F-11D3-BF4B-00C04F79EFBC}") = "UdpPackets", "src\udp_packets\UdpPackets.csproj", "{17FD74BB-9B08-D853-0E28-1BBD241BB44B}"
EndProject
Project("{FAE04EC0-301F-11D3-BF4B-00C04F79EFBC}") = "RawPacketRecordTypedInPostgresOut", "src\raw_packet_record_type_in_postgres_out\RawPacketRecordTypedInPostgresOut.csproj", "{5A12C615-3026-2233-ACDC-13AEB18DF59D}"
EndProject
Project("{FAE04EC0-301F-11D3-BF4B-00C04F79EFBC}") = "weather-station-maui", "src\weather-station-maui\weather-station-maui.csproj", "{010CCB69-B2D4-98BD-270C-D112BF6673BF}"
EndProject
Project("{FAE04EC0-301F-11D3-BF4B-00C04F79EFBC}") = "RedStar.Amounts", "src\RedStar.Amounts\RedStar.Amounts\RedStar.Amounts.csproj", "{3F327DEE-62D0-2F3D-E731-BF4EA35ED194}"
EndProject
Project("{FAE04EC0-301F-11D3-BF4B-00C04F79EFBC}") = "RedStar.Amounts.StandardUnits", "src\RedStar.Amounts.StandardUnits\RedStar.Amounts.StandardUnits\RedStar.Amounts.StandardUnits.csproj", "{2221B112-1FCB-3602-B995-1E95923AF9EA}"
EndProject
Project("{2150E333-8FDC-42A3-9474-1A3956D46DE8}") = "src", "src", "{827E0CD3-B72D-47B6-A68D-7590B98EB39B}"
EndProject
Project("{FAE04EC0-301F-11D3-BF4B-00C04F79EFBC}") = "weather-station-units", "src\weather-station-units\weather-station-units.csproj", "{4A52024A-A885-456B-8DE8-934992838DFB}"
EndProject
Project("{FAE04EC0-301F-11D3-BF4B-00C04F79EFBC}") = "docs", "src\docs\docs.csproj", "{CACBCECF-87B9-45F1-89AC-1958F611AF9E}"
EndProject
Project("{FAE04EC0-301F-11D3-BF4B-00C04F79EFBC}") = "RedStar.Amounts.WeatherExtensions", "src\RedStar.Amounts.WeatherExtensions\RedStar.Amounts.WeatherExtensions.csproj", "{FD1C8ACF-3FE4-B5FC-F02B-DAA5E4AB0D88}"
EndProject
Project("{FAE04EC0-301F-11D3-BF4B-00C04F79EFBC}") = "MetWorksServices", "src\metworks_services\MetWorksServices.csproj", "{3F8204EF-6351-91D8-916D-F55FD9A923C2}"
EndProject
Project("{FAE04EC0-301F-11D3-BF4B-00C04F79EFBC}") = "MetWorksModels", "src\metworks_models\MetWorksModels.csproj", "{439E6E49-7A75-FFB5-EBA9-8998E787C6BE}"
EndProject
Project("{FAE04EC0-301F-11D3-BF4B-00C04F79EFBC}") = "Constants", "src\Constants\Constants.csproj", "{50F306D1-F0E3-FDA4-8F97-7440385938FC}"
EndProject
Global
	GlobalSection(SolutionConfigurationPlatforms) = preSolution
		Debug|Any CPU = Debug|Any CPU
		Debug|x64 = Debug|x64
		Debug|x86 = Debug|x86
		Release|Any CPU = Release|Any CPU
		Release|x64 = Release|x64
		Release|x86 = Release|x86
	EndGlobalSection
	GlobalSection(ProjectConfigurationPlatforms) = postSolution
		{EA533355-50D7-F44D-B0A7-0C65634160F8}.Debug|Any CPU.ActiveCfg = Debug|Any CPU
		{EA533355-50D7-F44D-B0A7-0C65634160F8}.Debug|Any CPU.Build.0 = Debug|Any CPU
		{EA533355-50D7-F44D-B0A7-0C65634160F8}.Debug|x64.ActiveCfg = Debug|Any CPU
		{EA533355-50D7-F44D-B0A7-0C65634160F8}.Debug|x64.Build.0 = Debug|Any CPU
		{EA533355-50D7-F44D-B0A7-0C65634160F8}.Debug|x86.ActiveCfg = Debug|Any CPU
		{EA533355-50D7-F44D-B0A7-0C65634160F8}.Debug|x86.Build.0 = Debug|Any CPU
		{EA533355-50D7-F44D-B0A7-0C65634160F8}.Release|Any CPU.ActiveCfg = Release|Any CPU
		{EA533355-50D7-F44D-B0A7-0C65634160F8}.Release|Any CPU.Build.0 = Release|Any CPU
		{EA533355-50D7-F44D-B0A7-0C65634160F8}.Release|x64.ActiveCfg = Release|Any CPU
		{EA533355-50D7-F44D-B0A7-0C65634160F8}.Release|x64.Build.0 = Release|Any CPU
		{EA533355-50D7-F44D-B0A7-0C65634160F8}.Release|x86.ActiveCfg = Release|Any CPU
		{EA533355-50D7-F44D-B0A7-0C65634160F8}.Release|x86.Build.0 = Release|Any CPU
		{9B74199B-1518-94E5-70E3-BE4662B667BA}.Debug|Any CPU.ActiveCfg = Debug|Any CPU
		{9B74199B-1518-94E5-70E3-BE4662B667BA}.Debug|Any CPU.Build.0 = Debug|Any CPU
		{9B74199B-1518-94E5-70E3-BE4662B667BA}.Debug|x64.ActiveCfg = Debug|Any CPU
		{9B74199B-1518-94E5-70E3-BE4662B667BA}.Debug|x64.Build.0 = Debug|Any CPU
		{9B74199B-1518-94E5-70E3-BE4662B667BA}.Debug|x86.ActiveCfg = Debug|Any CPU
		{9B74199B-1518-94E5-70E3-BE4662B667BA}.Debug|x86.Build.0 = Debug|Any CPU
		{9B74199B-1518-94E5-70E3-BE4662B667BA}.Release|Any CPU.ActiveCfg = Release|Any CPU
		{9B74199B-1518-94E5-70E3-BE4662B667BA}.Release|Any CPU.Build.0 = Release|Any CPU
		{9B74199B-1518-94E5-70E3-BE4662B667BA}.Release|x64.ActiveCfg = Release|Any CPU
		{9B74199B-1518-94E5-70E3-BE4662B667BA}.Release|x64.Build.0 = Release|Any CPU
		{9B74199B-1518-94E5-70E3-BE4662B667BA}.Release|x86.ActiveCfg = Release|Any CPU
		{9B74199B-1518-94E5-70E3-BE4662B667BA}.Release|x86.Build.0 = Release|Any CPU
		{8C1F3B38-8FF5-43F1-B649-AA6F420336CE}.Debug|Any CPU.ActiveCfg = Debug|Any CPU
		{8C1F3B38-8FF5-43F1-B649-AA6F420336CE}.Debug|Any CPU.Build.0 = Debug|Any CPU
		{8C1F3B38-8FF5-43F1-B649-AA6F420336CE}.Debug|x64.ActiveCfg = Debug|Any CPU
		{8C1F3B38-8FF5-43F1-B649-AA6F420336CE}.Debug|x64.Build.0 = Debug|Any CPU
		{8C1F3B38-8FF5-43F1-B649-AA6F420336CE}.Debug|x86.ActiveCfg = Debug|Any CPU
		{8C1F3B38-8FF5-43F1-B649-AA6F420336CE}.Debug|x86.Build.0 = Debug|Any CPU
		{8C1F3B38-8FF5-43F1-B649-AA6F420336CE}.Release|Any CPU.ActiveCfg = Release|Any CPU
		{8C1F3B38-8FF5-43F1-B649-AA6F420336CE}.Release|Any CPU.Build.0 = Release|Any CPU
		{8C1F3B38-8FF5-43F1-B649-AA6F420336CE}.Release|x64.ActiveCfg = Release|Any CPU
		{8C1F3B38-8FF5-43F1-B649-AA6F420336CE}.Release|x64.Build.0 = Release|Any CPU
		{8C1F3B38-8FF5-43F1-B649-AA6F420336CE}.Release|x86.ActiveCfg = Release|Any CPU
		{8C1F3B38-8FF5-43F1-B649-AA6F420336CE}.Release|x86.Build.0 = Release|Any CPU
		{8C933557-D263-9F46-5B5B-0558BB692AAD}.Debug|Any CPU.ActiveCfg = Debug|Any CPU
		{8C933557-D263-9F46-5B5B-0558BB692AAD}.Debug|Any CPU.Build.0 = Debug|Any CPU
		{8C933557-D263-9F46-5B5B-0558BB692AAD}.Debug|x64.ActiveCfg = Debug|Any CPU
		{8C933557-D263-9F46-5B5B-0558BB692AAD}.Debug|x64.Build.0 = Debug|Any CPU
		{8C933557-D263-9F46-5B5B-0558BB692AAD}.Debug|x86.ActiveCfg = Debug|Any CPU
		{8C933557-D263-9F46-5B5B-0558BB692AAD}.Debug|x86.Build.0 = Debug|Any CPU
		{8C933557-D263-9F46-5B5B-0558BB692AAD}.Release|Any CPU.ActiveCfg = Release|Any CPU
		{8C933557-D263-9F46-5B5B-0558BB692AAD}.Release|Any CPU.Build.0 = Release|Any CPU
		{8C933557-D263-9F46-5B5B-0558BB692AAD}.Release|x64.ActiveCfg = Release|Any CPU
		{8C933557-D263-9F46-5B5B-0558BB692AAD}.Release|x64.Build.0 = Release|Any CPU
		{8C933557-D263-9F46-5B5B-0558BB692AAD}.Release|x86.ActiveCfg = Release|Any CPU
		{8C933557-D263-9F46-5B5B-0558BB692AAD}.Release|x86.Build.0 = Release|Any CPU
		{1AB6DF73-54FD-8FFE-F419-210A743DC499}.Debug|Any CPU.ActiveCfg = Debug|Any CPU
		{1AB6DF73-54FD-8FFE-F419-210A743DC499}.Debug|Any CPU.Build.0 = Debug|Any CPU
		{1AB6DF73-54FD-8FFE-F419-210A743DC499}.Debug|x64.ActiveCfg = Debug|Any CPU
		{1AB6DF73-54FD-8FFE-F419-210A743DC499}.Debug|x64.Build.0 = Debug|Any CPU
		{1AB6DF73-54FD-8FFE-F419-210A743DC499}.Debug|x86.ActiveCfg = Debug|Any CPU
		{1AB6DF73-54FD-8FFE-F419-210A743DC499}.Debug|x86.Build.0 = Debug|Any CPU
		{1AB6DF73-54FD-8FFE-F419-210A743DC499}.Release|Any CPU.ActiveCfg = Release|Any CPU
		{1AB6DF73-54FD-8FFE-F419-210A743DC499}.Release|Any CPU.Build.0 = Release|Any CPU
		{1AB6DF73-54FD-8FFE-F419-210A743DC499}.Release|x64.ActiveCfg = Release|Any CPU
		{1AB6DF73-54FD-8FFE-F419-210A743DC499}.Release|x64.Build.0 = Release|Any CPU
		{1AB6DF73-54FD-8FFE-F419-210A743DC499}.Release|x86.ActiveCfg = Release|Any CPU
		{1AB6DF73-54FD-8FFE-F419-210A743DC499}.Release|x86.Build.0 = Release|Any CPU
		{10CFCEC4-8B87-C08B-A024-E71D580D1E04}.Debug|Any CPU.ActiveCfg = Debug|Any CPU
		{10CFCEC4-8B87-C08B-A024-E71D580D1E04}.Debug|Any CPU.Build.0 = Debug|Any CPU
		{10CFCEC4-8B87-C08B-A024-E71D580D1E04}.Debug|x64.ActiveCfg = Debug|Any CPU
		{10CFCEC4-8B87-C08B-A024-E71D580D1E04}.Debug|x64.Build.0 = Debug|Any CPU
		{10CFCEC4-8B87-C08B-A024-E71D580D1E04}.Debug|x86.ActiveCfg = Debug|Any CPU
		{10CFCEC4-8B87-C08B-A024-E71D580D1E04}.Debug|x86.Build.0 = Debug|Any CPU
		{10CFCEC4-8B87-C08B-A024-E71D580D1E04}.Release|Any CPU.ActiveCfg = Release|Any CPU
		{10CFCEC4-8B87-C08B-A024-E71D580D1E04}.Release|Any CPU.Build.0 = Release|Any CPU
		{10CFCEC4-8B87-C08B-A024-E71D580D1E04}.Release|x64.ActiveCfg = Release|Any CPU
		{10CFCEC4-8B87-C08B-A024-E71D580D1E04}.Release|x64.Build.0 = Release|Any CPU
		{10CFCEC4-8B87-C08B-A024-E71D580D1E04}.Release|x86.ActiveCfg = Release|Any CPU
		{10CFCEC4-8B87-C08B-A024-E71D580D1E04}.Release|x86.Build.0 = Release|Any CPU
		{EFDEFF7A-1405-A250-5F02-C30B5CA0FAF5}.Debug|Any CPU.ActiveCfg = Debug|Any CPU
		{EFDEFF7A-1405-A250-5F02-C30B5CA0FAF5}.Debug|Any CPU.Build.0 = Debug|Any CPU
		{EFDEFF7A-1405-A250-5F02-C30B5CA0FAF5}.Debug|x64.ActiveCfg = Debug|Any CPU
		{EFDEFF7A-1405-A250-5F02-C30B5CA0FAF5}.Debug|x64.Build.0 = Debug|Any CPU
		{EFDEFF7A-1405-A250-5F02-C30B5CA0FAF5}.Debug|x86.ActiveCfg = Debug|Any CPU
		{EFDEFF7A-1405-A250-5F02-C30B5CA0FAF5}.Debug|x86.Build.0 = Debug|Any CPU
		{EFDEFF7A-1405-A250-5F02-C30B5CA0FAF5}.Release|Any CPU.ActiveCfg = Release|Any CPU
		{EFDEFF7A-1405-A250-5F02-C30B5CA0FAF5}.Release|Any CPU.Build.0 = Release|Any CPU
		{EFDEFF7A-1405-A250-5F02-C30B5CA0FAF5}.Release|x64.ActiveCfg = Release|Any CPU
		{EFDEFF7A-1405-A250-5F02-C30B5CA0FAF5}.Release|x64.Build.0 = Release|Any CPU
		{EFDEFF7A-1405-A250-5F02-C30B5CA0FAF5}.Release|x86.ActiveCfg = Release|Any CPU
		{EFDEFF7A-1405-A250-5F02-C30B5CA0FAF5}.Release|x86.Build.0 = Release|Any CPU
		{DE505971-4448-099A-2FA5-6547AE58D53D}.Debug|Any CPU.ActiveCfg = Debug|Any CPU
		{DE505971-4448-099A-2FA5-6547AE58D53D}.Debug|Any CPU.Build.0 = Debug|Any CPU
		{DE505971-4448-099A-2FA5-6547AE58D53D}.Debug|x64.ActiveCfg = Debug|Any CPU
		{DE505971-4448-099A-2FA5-6547AE58D53D}.Debug|x64.Build.0 = Debug|Any CPU
		{DE505971-4448-099A-2FA5-6547AE58D53D}.Debug|x86.ActiveCfg = Debug|Any CPU
		{DE505971-4448-099A-2FA5-6547AE58D53D}.Debug|x86.Build.0 = Debug|Any CPU
		{DE505971-4448-099A-2FA5-6547AE58D53D}.Release|Any CPU.ActiveCfg = Release|Any CPU
		{DE505971-4448-099A-2FA5-6547AE58D53D}.Release|Any CPU.Build.0 = Release|Any CPU
		{DE505971-4448-099A-2FA5-6547AE58D53D}.Release|x64.ActiveCfg = Release|Any CPU
		{DE505971-4448-099A-2FA5-6547AE58D53D}.Release|x64.Build.0 = Release|Any CPU
		{DE505971-4448-099A-2FA5-6547AE58D53D}.Release|x86.ActiveCfg = Release|Any CPU
		{DE505971-4448-099A-2FA5-6547AE58D53D}.Release|x86.Build.0 = Release|Any CPU
		{63BB0649-C1D4-DA49-B069-F60FF288E8B4}.Debug|Any CPU.ActiveCfg = Debug|Any CPU
		{63BB0649-C1D4-DA49-B069-F60FF288E8B4}.Debug|Any CPU.Build.0 = Debug|Any CPU
		{63BB0649-C1D4-DA49-B069-F60FF288E8B4}.Debug|x64.ActiveCfg = Debug|Any CPU
		{63BB0649-C1D4-DA49-B069-F60FF288E8B4}.Debug|x64.Build.0 = Debug|Any CPU
		{63BB0649-C1D4-DA49-B069-F60FF288E8B4}.Debug|x86.ActiveCfg = Debug|Any CPU
		{63BB0649-C1D4-DA49-B069-F60FF288E8B4}.Debug|x86.Build.0 = Debug|Any CPU
		{63BB0649-C1D4-DA49-B069-F60FF288E8B4}.Release|Any CPU.ActiveCfg = Release|Any CPU
		{63BB0649-C1D4-DA49-B069-F60FF288E8B4}.Release|Any CPU.Build.0 = Release|Any CPU
		{63BB0649-C1D4-DA49-B069-F60FF288E8B4}.Release|x64.ActiveCfg = Release|Any CPU
		{63BB0649-C1D4-DA49-B069-F60FF288E8B4}.Release|x64.Build.0 = Release|Any CPU
		{63BB0649-C1D4-DA49-B069-F60FF288E8B4}.Release|x86.ActiveCfg = Release|Any CPU
		{63BB0649-C1D4-DA49-B069-F60FF288E8B4}.Release|x86.Build.0 = Release|Any CPU
		{17FD74BB-9B08-D853-0E28-1BBD241BB44B}.Debug|Any CPU.ActiveCfg = Debug|Any CPU
		{17FD74BB-9B08-D853-0E28-1BBD241BB44B}.Debug|Any CPU.Build.0 = Debug|Any CPU
		{17FD74BB-9B08-D853-0E28-1BBD241BB44B}.Debug|x64.ActiveCfg = Debug|Any CPU
		{17FD74BB-9B08-D853-0E28-1BBD241BB44B}.Debug|x64.Build.0 = Debug|Any CPU
		{17FD74BB-9B08-D853-0E28-1BBD241BB44B}.Debug|x86.ActiveCfg = Debug|Any CPU
		{17FD74BB-9B08-D853-0E28-1BBD241BB44B}.Debug|x86.Build.0 = Debug|Any CPU
		{17FD74BB-9B08-D853-0E28-1BBD241BB44B}.Release|Any CPU.ActiveCfg = Release|Any CPU
		{17FD74BB-9B08-D853-0E28-1BBD241BB44B}.Release|Any CPU.Build.0 = Release|Any CPU
		{17FD74BB-9B08-D853-0E28-1BBD241BB44B}.Release|x64.ActiveCfg = Release|Any CPU
		{17FD74BB-9B08-D853-0E28-1BBD241BB44B}.Release|x64.Build.0 = Release|Any CPU
		{17FD74BB-9B08-D853-0E28-1BBD241BB44B}.Release|x86.ActiveCfg = Release|Any CPU
		{17FD74BB-9B08-D853-0E28-1BBD241BB44B}.Release|x86.Build.0 = Release|Any CPU
		{5A12C615-3026-2233-ACDC-13AEB18DF59D}.Debug|Any CPU.ActiveCfg = Debug|Any CPU
		{5A12C615-3026-2233-ACDC-13AEB18DF59D}.Debug|Any CPU.Build.0 = Debug|Any CPU
		{5A12C615-3026-2233-ACDC-13AEB18DF59D}.Debug|x64.ActiveCfg = Debug|Any CPU
		{5A12C615-3026-2233-ACDC-13AEB18DF59D}.Debug|x64.Build.0 = Debug|Any CPU
		{5A12C615-3026-2233-ACDC-13AEB18DF59D}.Debug|x86.ActiveCfg = Debug|Any CPU
		{5A12C615-3026-2233-ACDC-13AEB18DF59D}.Debug|x86.Build.0 = Debug|Any CPU
		{5A12C615-3026-2233-ACDC-13AEB18DF59D}.Release|Any CPU.ActiveCfg = Release|Any CPU
		{5A12C615-3026-2233-ACDC-13AEB18DF59D}.Release|Any CPU.Build.0 = Release|Any CPU
		{5A12C615-3026-2233-ACDC-13AEB18DF59D}.Release|x64.ActiveCfg = Release|Any CPU
		{5A12C615-3026-2233-ACDC-13AEB18DF59D}.Release|x64.Build.0 = Release|Any CPU
		{5A12C615-3026-2233-ACDC-13AEB18DF59D}.Release|x86.ActiveCfg = Release|Any CPU
		{5A12C615-3026-2233-ACDC-13AEB18DF59D}.Release|x86.Build.0 = Release|Any CPU
		{010CCB69-B2D4-98BD-270C-D112BF6673BF}.Debug|Any CPU.ActiveCfg = Debug|Any CPU
		{010CCB69-B2D4-98BD-270C-D112BF6673BF}.Debug|Any CPU.Build.0 = Debug|Any CPU
		{010CCB69-B2D4-98BD-270C-D112BF6673BF}.Debug|Any CPU.Deploy.0 = Debug|Any CPU
		{010CCB69-B2D4-98BD-270C-D112BF6673BF}.Debug|x64.ActiveCfg = Debug|Any CPU
		{010CCB69-B2D4-98BD-270C-D112BF6673BF}.Debug|x64.Build.0 = Debug|Any CPU
		{010CCB69-B2D4-98BD-270C-D112BF6673BF}.Debug|x86.ActiveCfg = Debug|Any CPU
		{010CCB69-B2D4-98BD-270C-D112BF6673BF}.Debug|x86.Build.0 = Debug|Any CPU
		{010CCB69-B2D4-98BD-270C-D112BF6673BF}.Release|Any CPU.ActiveCfg = Release|Any CPU
		{010CCB69-B2D4-98BD-270C-D112BF6673BF}.Release|Any CPU.Build.0 = Release|Any CPU
		{010CCB69-B2D4-98BD-270C-D112BF6673BF}.Release|x64.ActiveCfg = Release|Any CPU
		{010CCB69-B2D4-98BD-270C-D112BF6673BF}.Release|x64.Build.0 = Release|Any CPU
		{010CCB69-B2D4-98BD-270C-D112BF6673BF}.Release|x86.ActiveCfg = Release|Any CPU
		{010CCB69-B2D4-98BD-270C-D112BF6673BF}.Release|x86.Build.0 = Release|Any CPU
		{3F327DEE-62D0-2F3D-E731-BF4EA35ED194}.Debug|Any CPU.ActiveCfg = Debug|Any CPU
		{3F327DEE-62D0-2F3D-E731-BF4EA35ED194}.Debug|Any CPU.Build.0 = Debug|Any CPU
		{3F327DEE-62D0-2F3D-E731-BF4EA35ED194}.Debug|x64.ActiveCfg = Debug|Any CPU
		{3F327DEE-62D0-2F3D-E731-BF4EA35ED194}.Debug|x64.Build.0 = Debug|Any CPU
		{3F327DEE-62D0-2F3D-E731-BF4EA35ED194}.Debug|x86.ActiveCfg = Debug|Any CPU
		{3F327DEE-62D0-2F3D-E731-BF4EA35ED194}.Debug|x86.Build.0 = Debug|Any CPU
		{3F327DEE-62D0-2F3D-E731-BF4EA35ED194}.Release|Any CPU.ActiveCfg = Release|Any CPU
		{3F327DEE-62D0-2F3D-E731-BF4EA35ED194}.Release|Any CPU.Build.0 = Release|Any CPU
		{3F327DEE-62D0-2F3D-E731-BF4EA35ED194}.Release|x64.ActiveCfg = Release|Any CPU
		{3F327DEE-62D0-2F3D-E731-BF4EA35ED194}.Release|x64.Build.0 = Release|Any CPU
		{3F327DEE-62D0-2F3D-E731-BF4EA35ED194}.Release|x86.ActiveCfg = Release|Any CPU
		{3F327DEE-62D0-2F3D-E731-BF4EA35ED194}.Release|x86.Build.0 = Release|Any CPU
		{2221B112-1FCB-3602-B995-1E95923AF9EA}.Debug|Any CPU.ActiveCfg = Debug|Any CPU
		{2221B112-1FCB-3602-B995-1E95923AF9EA}.Debug|Any CPU.Build.0 = Debug|Any CPU
		{2221B112-1FCB-3602-B995-1E95923AF9EA}.Debug|x64.ActiveCfg = Debug|Any CPU
		{2221B112-1FCB-3602-B995-1E95923AF9EA}.Debug|x64.Build.0 = Debug|Any CPU
		{2221B112-1FCB-3602-B995-1E95923AF9EA}.Debug|x86.ActiveCfg = Debug|Any CPU
		{2221B112-1FCB-3602-B995-1E95923AF9EA}.Debug|x86.Build.0 = Debug|Any CPU
		{2221B112-1FCB-3602-B995-1E95923AF9EA}.Release|Any CPU.ActiveCfg = Release|Any CPU
		{2221B112-1FCB-3602-B995-1E95923AF9EA}.Release|Any CPU.Build.0 = Release|Any CPU
		{2221B112-1FCB-3602-B995-1E95923AF9EA}.Release|x64.ActiveCfg = Release|Any CPU
		{2221B112-1FCB-3602-B995-1E95923AF9EA}.Release|x64.Build.0 = Release|Any CPU
		{2221B112-1FCB-3602-B995-1E95923AF9EA}.Release|x86.ActiveCfg = Release|Any CPU
		{2221B112-1FCB-3602-B995-1E95923AF9EA}.Release|x86.Build.0 = Release|Any CPU
		{4A52024A-A885-456B-8DE8-934992838DFB}.Debug|Any CPU.ActiveCfg = Debug|Any CPU
		{4A52024A-A885-456B-8DE8-934992838DFB}.Debug|Any CPU.Build.0 = Debug|Any CPU
		{4A52024A-A885-456B-8DE8-934992838DFB}.Debug|x64.ActiveCfg = Debug|Any CPU
		{4A52024A-A885-456B-8DE8-934992838DFB}.Debug|x64.Build.0 = Debug|Any CPU
		{4A52024A-A885-456B-8DE8-934992838DFB}.Debug|x86.ActiveCfg = Debug|Any CPU
		{4A52024A-A885-456B-8DE8-934992838DFB}.Debug|x86.Build.0 = Debug|Any CPU
		{4A52024A-A885-456B-8DE8-934992838DFB}.Release|Any CPU.ActiveCfg = Release|Any CPU
		{4A52024A-A885-456B-8DE8-934992838DFB}.Release|Any CPU.Build.0 = Release|Any CPU
		{4A52024A-A885-456B-8DE8-934992838DFB}.Release|x64.ActiveCfg = Release|Any CPU
		{4A52024A-A885-456B-8DE8-934992838DFB}.Release|x64.Build.0 = Release|Any CPU
		{4A52024A-A885-456B-8DE8-934992838DFB}.Release|x86.ActiveCfg = Release|Any CPU
		{4A52024A-A885-456B-8DE8-934992838DFB}.Release|x86.Build.0 = Release|Any CPU
		{CACBCECF-87B9-45F1-89AC-1958F611AF9E}.Debug|Any CPU.ActiveCfg = Debug|Any CPU
		{CACBCECF-87B9-45F1-89AC-1958F611AF9E}.Debug|Any CPU.Build.0 = Debug|Any CPU
		{CACBCECF-87B9-45F1-89AC-1958F611AF9E}.Debug|x64.ActiveCfg = Debug|Any CPU
		{CACBCECF-87B9-45F1-89AC-1958F611AF9E}.Debug|x64.Build.0 = Debug|Any CPU
		{CACBCECF-87B9-45F1-89AC-1958F611AF9E}.Debug|x86.ActiveCfg = Debug|Any CPU
		{CACBCECF-87B9-45F1-89AC-1958F611AF9E}.Debug|x86.Build.0 = Debug|Any CPU
		{CACBCECF-87B9-45F1-89AC-1958F611AF9E}.Release|Any CPU.ActiveCfg = Release|Any CPU
		{CACBCECF-87B9-45F1-89AC-1958F611AF9E}.Release|Any CPU.Build.0 = Release|Any CPU
		{CACBCECF-87B9-45F1-89AC-1958F611AF9E}.Release|x64.ActiveCfg = Release|Any CPU
		{CACBCECF-87B9-45F1-89AC-1958F611AF9E}.Release|x64.Build.0 = Release|Any CPU
		{CACBCECF-87B9-45F1-89AC-1958F611AF9E}.Release|x86.ActiveCfg = Release|Any CPU
		{CACBCECF-87B9-45F1-89AC-1958F611AF9E}.Release|x86.Build.0 = Release|Any CPU
		{FD1C8ACF-3FE4-B5FC-F02B-DAA5E4AB0D88}.Debug|Any CPU.ActiveCfg = Debug|Any CPU
		{FD1C8ACF-3FE4-B5FC-F02B-DAA5E4AB0D88}.Debug|Any CPU.Build.0 = Debug|Any CPU
		{FD1C8ACF-3FE4-B5FC-F02B-DAA5E4AB0D88}.Debug|x64.ActiveCfg = Debug|Any CPU
		{FD1C8ACF-3FE4-B5FC-F02B-DAA5E4AB0D88}.Debug|x64.Build.0 = Debug|Any CPU
		{FD1C8ACF-3FE4-B5FC-F02B-DAA5E4AB0D88}.Debug|x86.ActiveCfg = Debug|Any CPU
		{FD1C8ACF-3FE4-B5FC-F02B-DAA5E4AB0D88}.Debug|x86.Build.0 = Debug|Any CPU
		{FD1C8ACF-3FE4-B5FC-F02B-DAA5E4AB0D88}.Release|Any CPU.ActiveCfg = Release|Any CPU
		{FD1C8ACF-3FE4-B5FC-F02B-DAA5E4AB0D88}.Release|Any CPU.Build.0 = Release|Any CPU
		{FD1C8ACF-3FE4-B5FC-F02B-DAA5E4AB0D88}.Release|x64.ActiveCfg = Release|Any CPU
		{FD1C8ACF-3FE4-B5FC-F02B-DAA5E4AB0D88}.Release|x64.Build.0 = Release|Any CPU
		{FD1C8ACF-3FE4-B5FC-F02B-DAA5E4AB0D88}.Release|x86.ActiveCfg = Release|Any CPU
		{FD1C8ACF-3FE4-B5FC-F02B-DAA5E4AB0D88}.Release|x86.Build.0 = Release|Any CPU
		{3F8204EF-6351-91D8-916D-F55FD9A923C2}.Debug|Any CPU.ActiveCfg = Debug|Any CPU
		{3F8204EF-6351-91D8-916D-F55FD9A923C2}.Debug|Any CPU.Build.0 = Debug|Any CPU
		{3F8204EF-6351-91D8-916D-F55FD9A923C2}.Debug|x64.ActiveCfg = Debug|Any CPU
		{3F8204EF-6351-91D8-916D-F55FD9A923C2}.Debug|x64.Build.0 = Debug|Any CPU
		{3F8204EF-6351-91D8-916D-F55FD9A923C2}.Debug|x86.ActiveCfg = Debug|Any CPU
		{3F8204EF-6351-91D8-916D-F55FD9A923C2}.Debug|x86.Build.0 = Debug|Any CPU
		{3F8204EF-6351-91D8-916D-F55FD9A923C2}.Release|Any CPU.ActiveCfg = Release|Any CPU
		{3F8204EF-6351-91D8-916D-F55FD9A923C2}.Release|Any CPU.Build.0 = Release|Any CPU
		{3F8204EF-6351-91D8-916D-F55FD9A923C2}.Release|x64.ActiveCfg = Release|Any CPU
		{3F8204EF-6351-91D8-916D-F55FD9A923C2}.Release|x64.Build.0 = Release|Any CPU
		{3F8204EF-6351-91D8-916D-F55FD9A923C2}.Release|x86.ActiveCfg = Release|Any CPU
		{3F8204EF-6351-91D8-916D-F55FD9A923C2}.Release|x86.Build.0 = Release|Any CPU
		{439E6E49-7A75-FFB5-EBA9-8998E787C6BE}.Debug|Any CPU.ActiveCfg = Debug|Any CPU
		{439E6E49-7A75-FFB5-EBA9-8998E787C6BE}.Debug|Any CPU.Build.0 = Debug|Any CPU
		{439E6E49-7A75-FFB5-EBA9-8998E787C6BE}.Debug|x64.ActiveCfg = Debug|Any CPU
		{439E6E49-7A75-FFB5-EBA9-8998E787C6BE}.Debug|x64.Build.0 = Debug|Any CPU
		{439E6E49-7A75-FFB5-EBA9-8998E787C6BE}.Debug|x86.ActiveCfg = Debug|Any CPU
		{439E6E49-7A75-FFB5-EBA9-8998E787C6BE}.Debug|x86.Build.0 = Debug|Any CPU
		{439E6E49-7A75-FFB5-EBA9-8998E787C6BE}.Release|Any CPU.ActiveCfg = Release|Any CPU
		{439E6E49-7A75-FFB5-EBA9-8998E787C6BE}.Release|Any CPU.Build.0 = Release|Any CPU
		{439E6E49-7A75-FFB5-EBA9-8998E787C6BE}.Release|x64.ActiveCfg = Release|Any CPU
		{439E6E49-7A75-FFB5-EBA9-8998E787C6BE}.Release|x64.Build.0 = Release|Any CPU
		{439E6E49-7A75-FFB5-EBA9-8998E787C6BE}.Release|x86.ActiveCfg = Release|Any CPU
		{439E6E49-7A75-FFB5-EBA9-8998E787C6BE}.Release|x86.Build.0 = Release|Any CPU
		{50F306D1-F0E3-FDA4-8F97-7440385938FC}.Debug|Any CPU.ActiveCfg = Debug|Any CPU
		{50F306D1-F0E3-FDA4-8F97-7440385938FC}.Debug|Any CPU.Build.0 = Debug|Any CPU
		{50F306D1-F0E3-FDA4-8F97-7440385938FC}.Debug|x64.ActiveCfg = Debug|Any CPU
		{50F306D1-F0E3-FDA4-8F97-7440385938FC}.Debug|x64.Build.0 = Debug|Any CPU
		{50F306D1-F0E3-FDA4-8F97-7440385938FC}.Debug|x86.ActiveCfg = Debug|Any CPU
		{50F306D1-F0E3-FDA4-8F97-7440385938FC}.Debug|x86.Build.0 = Debug|Any CPU
		{50F306D1-F0E3-FDA4-8F97-7440385938FC}.Release|Any CPU.ActiveCfg = Release|Any CPU
		{50F306D1-F0E3-FDA4-8F97-7440385938FC}.Release|Any CPU.Build.0 = Release|Any CPU
		{50F306D1-F0E3-FDA4-8F97-7440385938FC}.Release|x64.ActiveCfg = Release|Any CPU
		{50F306D1-F0E3-FDA4-8F97-7440385938FC}.Release|x64.Build.0 = Release|Any CPU
		{50F306D1-F0E3-FDA4-8F97-7440385938FC}.Release|x86.ActiveCfg = Release|Any CPU
		{50F306D1-F0E3-FDA4-8F97-7440385938FC}.Release|x86.Build.0 = Release|Any CPU
	EndGlobalSection
	GlobalSection(SolutionProperties) = preSolution
		HideSolutionNode = FALSE
	EndGlobalSection
	GlobalSection(NestedProjects) = preSolution
		{4A52024A-A885-456B-8DE8-934992838DFB} = {827E0CD3-B72D-47B6-A68D-7590B98EB39B}
		{CACBCECF-87B9-45F1-89AC-1958F611AF9E} = {827E0CD3-B72D-47B6-A68D-7590B98EB39B}
	EndGlobalSection
	GlobalSection(ExtensibilityGlobals) = postSolution
		SolutionGuid = {677B35CE-01F3-4D9E-8FB2-89A3E606C370}
	EndGlobalSection
EndGlobal
